
Microsoft Visual Studio Solution File, Format Version 12.00
# Visual Studio Version 17
VisualStudioVersion = 17.3.32901.215
MinimumVisualStudioVersion = 10.0.40219.1
Project("{F2A71F9B-5D33-465A-A702-920D77279786}") = "fsharp_snippets", "fsharp_snippets\fsharp_snippets.fsproj", "{78075B81-3DE4-4EB6-A093-0D72D5F867F5}"
EndProject
Global
	GlobalSection(SolutionConfigurationPlatforms) = preSolution
		Debug|Any CPU = Debug|Any CPU
		Release|Any CPU = Release|Any CPU
	EndGlobalSection
	GlobalSection(ProjectConfigurationPlatforms) = postSolution
		{78075B81-3DE4-4EB6-A093-0D72D5F867F5}.Debug|Any CPU.ActiveCfg = Debug|Any CPU
		{78075B81-3DE4-4EB6-A093-0D72D5F867F5}.Debug|Any CPU.Build.0 = Debug|Any CPU
		{78075B81-3DE4-4EB6-A093-0D72D5F867F5}.Release|Any CPU.ActiveCfg = Release|Any CPU
		{78075B81-3DE4-4EB6-A093-0D72D5F867F5}.Release|Any CPU.Build.0 = Release|Any CPU
	EndGlobalSection
	GlobalSection(SolutionProperties) = preSolution
		HideSolutionNode = FALSE
	EndGlobalSection
	GlobalSection(ExtensibilityGlobals) = postSolution
		SolutionGuid = {8917EC81-0A10-4BC0-AFA3-41A3554DE536}
	EndGlobalSection
EndGlobal
